
Microsoft Visual Studio Solution File, Format Version 12.00
# Visual Studio 15
VisualStudioVersion = 15.0.27004.2002
MinimumVisualStudioVersion = 10.0.40219.1
Project("{9A19103F-16F7-4668-BE54-9A1E7A4F7556}") = "ASPCoreToDoList", "ASPCoreToDoList.csproj", "{993A3948-2306-4DE2-A015-13A9C456F0CB}"
EndProject
Global
	GlobalSection(SolutionConfigurationPlatforms) = preSolution
		Debug|Any CPU = Debug|Any CPU
		Release|Any CPU = Release|Any CPU
	EndGlobalSection
	GlobalSection(ProjectConfigurationPlatforms) = postSolution
		{993A3948-2306-4DE2-A015-13A9C456F0CB}.Debug|Any CPU.ActiveCfg = Debug|Any CPU
		{993A3948-2306-4DE2-A015-13A9C456F0CB}.Debug|Any CPU.Build.0 = Debug|Any CPU
		{993A3948-2306-4DE2-A015-13A9C456F0CB}.Release|Any CPU.ActiveCfg = Release|Any CPU
		{993A3948-2306-4DE2-A015-13A9C456F0CB}.Release|Any CPU.Build.0 = Release|Any CPU
	EndGlobalSection
	GlobalSection(SolutionProperties) = preSolution
		HideSolutionNode = FALSE
	EndGlobalSection
	GlobalSection(ExtensibilityGlobals) = postSolution
		SolutionGuid = {1CCB8371-F6A5-4578-8E62-A563E59D7CC8}
	EndGlobalSection
EndGlobal
